// !$*UTF8*$!
{
	archiveVersion = 1;
	classes = {
	};
	objectVersion = 48;
	objects = {

/* Begin PBXBuildFile section */
		D3C9C5092242159C00D4724A /* main.m in Sources */ = {isa = PBXBuildFile; fileRef = D3C9C5082242159C00D4724A /* main.m */; };
		D3C9C5162242178400D4724A /* main.m in Sources */ = {isa = PBXBuildFile; fileRef = D3C9C5152242178400D4724A /* main.m */; };
		D3C9C5212242180D00D4724A /* main.m in Sources */ = {isa = PBXBuildFile; fileRef = D3C9C5202242180D00D4724A /* main.m */; };
		D3C9C52C2242196000D4724A /* main.m in Sources */ = {isa = PBXBuildFile; fileRef = D3C9C52B2242196000D4724A /* main.m */; };
/* End PBXBuildFile section */

/* Begin PBXCopyFilesBuildPhase section */
		D3C9C5032242159C00D4724A /* CopyFiles */ = {
			isa = PBXCopyFilesBuildPhase;
			buildActionMask = 2147483647;
			dstPath = /usr/share/man/man1/;
			dstSubfolderSpec = 0;
			files = (
			);
			runOnlyForDeploymentPostprocessing = 1;
		};
		D3C9C5112242178400D4724A /* CopyFiles */ = {
			isa = PBXCopyFilesBuildPhase;
			buildActionMask = 2147483647;
			dstPath = /usr/share/man/man1/;
			dstSubfolderSpec = 0;
			files = (
			);
			runOnlyForDeploymentPostprocessing = 1;
		};
		D3C9C51C2242180C00D4724A /* CopyFiles */ = {
			isa = PBXCopyFilesBuildPhase;
			buildActionMask = 2147483647;
			dstPath = /usr/share/man/man1/;
			dstSubfolderSpec = 0;
			files = (
			);
			runOnlyForDeploymentPostprocessing = 1;
		};
		D3C9C5272242196000D4724A /* CopyFiles */ = {
			isa = PBXCopyFilesBuildPhase;
			buildActionMask = 2147483647;
			dstPath = /usr/share/man/man1/;
			dstSubfolderSpec = 0;
			files = (
			);
			runOnlyForDeploymentPostprocessing = 1;
		};
/* End PBXCopyFilesBuildPhase section */

/* Begin PBXFileReference section */
		D3C9C5052242159C00D4724A /* exp3 */ = {isa = PBXFileReference; explicitFileType = "compiled.mach-o.executable"; includeInIndex = 0; path = exp3; sourceTree = BUILT_PRODUCTS_DIR; };
		D3C9C5082242159C00D4724A /* main.m */ = {isa = PBXFileReference; lastKnownFileType = sourcecode.c.objc; path = main.m; sourceTree = "<group>"; };
		D3C9C5132242178400D4724A /* 3_13 */ = {isa = PBXFileReference; explicitFileType = "compiled.mach-o.executable"; includeInIndex = 0; path = 3_13; sourceTree = BUILT_PRODUCTS_DIR; };
		D3C9C5152242178400D4724A /* main.m */ = {isa = PBXFileReference; lastKnownFileType = sourcecode.c.objc; path = main.m; sourceTree = "<group>"; };
		D3C9C51E2242180C00D4724A /* 3_14 */ = {isa = PBXFileReference; explicitFileType = "compiled.mach-o.executable"; includeInIndex = 0; path = 3_14; sourceTree = BUILT_PRODUCTS_DIR; };
		D3C9C5202242180D00D4724A /* main.m */ = {isa = PBXFileReference; lastKnownFileType = sourcecode.c.objc; path = main.m; sourceTree = "<group>"; };
		D3C9C5292242196000D4724A /* 3_15 */ = {isa = PBXFileReference; explicitFileType = "compiled.mach-o.executable"; includeInIndex = 0; path = 3_15; sourceTree = BUILT_PRODUCTS_DIR; };
		D3C9C52B2242196000D4724A /* main.m */ = {isa = PBXFileReference; lastKnownFileType = sourcecode.c.objc; path = main.m; sourceTree = "<group>"; };
/* End PBXFileReference section */

/* Begin PBXFrameworksBuildPhase section */
		D3C9C5022242159C00D4724A /* Frameworks */ = {
			isa = PBXFrameworksBuildPhase;
			buildActionMask = 2147483647;
			files = (
			);
			runOnlyForDeploymentPostprocessing = 0;
		};
		D3C9C5102242178400D4724A /* Frameworks */ = {
			isa = PBXFrameworksBuildPhase;
			buildActionMask = 2147483647;
			files = (
			);
			runOnlyForDeploymentPostprocessing = 0;
		};
		D3C9C51B2242180C00D4724A /* Frameworks */ = {
			isa = PBXFrameworksBuildPhase;
			buildActionMask = 2147483647;
			files = (
			);
			runOnlyForDeploymentPostprocessing = 0;
		};
		D3C9C5262242196000D4724A /* Frameworks */ = {
			isa = PBXFrameworksBuildPhase;
			buildActionMask = 2147483647;
			files = (
			);
			runOnlyForDeploymentPostprocessing = 0;
		};
/* End PBXFrameworksBuildPhase section */

/* Begin PBXGroup section */
		D3C9C4FC2242159C00D4724A = {
			isa = PBXGroup;
			children = (
				D3C9C5072242159C00D4724A /* 3_12 */,
				D3C9C5142242178400D4724A /* 3_13 */,
				D3C9C51F2242180D00D4724A /* 3_14 */,
				D3C9C52A2242196000D4724A /* 3_15 */,
				D3C9C5062242159C00D4724A /* Products */,
			);
			sourceTree = "<group>";
		};
		D3C9C5062242159C00D4724A /* Products */ = {
			isa = PBXGroup;
			children = (
				D3C9C5052242159C00D4724A /* exp3 */,
				D3C9C5132242178400D4724A /* 3_13 */,
				D3C9C51E2242180C00D4724A /* 3_14 */,
				D3C9C5292242196000D4724A /* 3_15 */,
			);
			name = Products;
			sourceTree = "<group>";
		};
		D3C9C5072242159C00D4724A /* 3_12 */ = {
			isa = PBXGroup;
			children = (
				D3C9C5082242159C00D4724A /* main.m */,
			);
			path = 3_12;
			sourceTree = "<group>";
		};
		D3C9C5142242178400D4724A /* 3_13 */ = {
			isa = PBXGroup;
			children = (
				D3C9C5152242178400D4724A /* main.m */,
			);
			path = 3_13;
			sourceTree = "<group>";
		};
		D3C9C51F2242180D00D4724A /* 3_14 */ = {
			isa = PBXGroup;
			children = (
				D3C9C5202242180D00D4724A /* main.m */,
			);
			path = 3_14;
			sourceTree = "<group>";
		};
		D3C9C52A2242196000D4724A /* 3_15 */ = {
			isa = PBXGroup;
			children = (
				D3C9C52B2242196000D4724A /* main.m */,
			);
			path = 3_15;
			sourceTree = "<group>";
		};
/* End PBXGroup section */

/* Begin PBXNativeTarget section */
		D3C9C5042242159C00D4724A /* exp3 */ = {
			isa = PBXNativeTarget;
			buildConfigurationList = D3C9C50C2242159C00D4724A /* Build configuration list for PBXNativeTarget "exp3" */;
			buildPhases = (
				D3C9C5012242159C00D4724A /* Sources */,
				D3C9C5022242159C00D4724A /* Frameworks */,
				D3C9C5032242159C00D4724A /* CopyFiles */,
			);
			buildRules = (
			);
			dependencies = (
			);
			name = exp3;
			productName = exp3;
			productReference = D3C9C5052242159C00D4724A /* exp3 */;
			productType = "com.apple.product-type.tool";
		};
		D3C9C5122242178400D4724A /* 3_13 */ = {
			isa = PBXNativeTarget;
			buildConfigurationList = D3C9C5172242178400D4724A /* Build configuration list for PBXNativeTarget "3_13" */;
			buildPhases = (
				D3C9C50F2242178400D4724A /* Sources */,
				D3C9C5102242178400D4724A /* Frameworks */,
				D3C9C5112242178400D4724A /* CopyFiles */,
			);
			buildRules = (
			);
			dependencies = (
			);
			name = 3_13;
			productName = 3_13;
			productReference = D3C9C5132242178400D4724A /* 3_13 */;
			productType = "com.apple.product-type.tool";
		};
		D3C9C51D2242180C00D4724A /* 3_14 */ = {
			isa = PBXNativeTarget;
			buildConfigurationList = D3C9C5222242180D00D4724A /* Build configuration list for PBXNativeTarget "3_14" */;
			buildPhases = (
				D3C9C51A2242180C00D4724A /* Sources */,
				D3C9C51B2242180C00D4724A /* Frameworks */,
				D3C9C51C2242180C00D4724A /* CopyFiles */,
			);
			buildRules = (
			);
			dependencies = (
			);
			name = 3_14;
			productName = 3_14;
			productReference = D3C9C51E2242180C00D4724A /* 3_14 */;
			productType = "com.apple.product-type.tool";
		};
		D3C9C5282242196000D4724A /* 3_15 */ = {
			isa = PBXNativeTarget;
			buildConfigurationList = D3C9C52D2242196000D4724A /* Build configuration list for PBXNativeTarget "3_15" */;
			buildPhases = (
				D3C9C5252242196000D4724A /* Sources */,
				D3C9C5262242196000D4724A /* Frameworks */,
				D3C9C5272242196000D4724A /* CopyFiles */,
			);
			buildRules = (
			);
			dependencies = (
			);
			name = 3_15;
			productName = 3_15;
			productReference = D3C9C5292242196000D4724A /* 3_15 */;
			productType = "com.apple.product-type.tool";
		};
/* End PBXNativeTarget section */

/* Begin PBXProject section */
		D3C9C4FD2242159C00D4724A /* Project object */ = {
			isa = PBXProject;
			attributes = {
				LastUpgradeCheck = 0900;
				ORGANIZATIONNAME = wangyang;
				TargetAttributes = {
					D3C9C5042242159C00D4724A = {
						CreatedOnToolsVersion = 9.0;
						ProvisioningStyle = Automatic;
					};
					D3C9C5122242178400D4724A = {
						CreatedOnToolsVersion = 9.0;
						ProvisioningStyle = Automatic;
					};
					D3C9C51D2242180C00D4724A = {
						CreatedOnToolsVersion = 9.0;
						ProvisioningStyle = Automatic;
					};
					D3C9C5282242196000D4724A = {
						CreatedOnToolsVersion = 9.0;
						ProvisioningStyle = Automatic;
					};
				};
			};
			buildConfigurationList = D3C9C5002242159C00D4724A /* Build configuration list for PBXProject "exp3" */;
			compatibilityVersion = "Xcode 8.0";
			developmentRegion = en;
			hasScannedForEncodings = 0;
			knownRegions = (
				en,
			);
			mainGroup = D3C9C4FC2242159C00D4724A;
			productRefGroup = D3C9C5062242159C00D4724A /* Products */;
			projectDirPath = "";
			projectRoot = "";
			targets = (
				D3C9C5042242159C00D4724A /* exp3 */,
				D3C9C5122242178400D4724A /* 3_13 */,
				D3C9C51D2242180C00D4724A /* 3_14 */,
				D3C9C5282242196000D4724A /* 3_15 */,
			);
		};
/* End PBXProject section */

/* Begin PBXSourcesBuildPhase section */
		D3C9C5012242159C00D4724A /* Sources */ = {
			isa = PBXSourcesBuildPhase;
			buildActionMask = 2147483647;
			files = (
				D3C9C5092242159C00D4724A /* main.m in Sources */,
			);
			runOnlyForDeploymentPostprocessing = 0;
		};
		D3C9C50F2242178400D4724A /* Sources */ = {
			isa = PBXSourcesBuildPhase;
			buildActionMask = 2147483647;
			files = (
				D3C9C5162242178400D4724A /* main.m in Sources */,
			);
			runOnlyForDeploymentPostprocessing = 0;
		};
		D3C9C51A2242180C00D4724A /* Sources */ = {
			isa = PBXSourcesBuildPhase;
			buildActionMask = 2147483647;
			files = (
				D3C9C5212242180D00D4724A /* main.m in Sources */,
			);
			runOnlyForDeploymentPostprocessing = 0;
		};
		D3C9C5252242196000D4724A /* Sources */ = {
			isa = PBXSourcesBuildPhase;
			buildActionMask = 2147483647;
			files = (
				D3C9C52C2242196000D4724A /* main.m in Sources */,
			);
			runOnlyForDeploymentPostprocessing = 0;
		};
/* End PBXSourcesBuildPhase section */

/* Begin XCBuildConfiguration section */
		D3C9C50A2242159C00D4724A /* Debug */ = {
			isa = XCBuildConfiguration;
			buildSettings = {
				ALWAYS_SEARCH_USER_PATHS = NO;
				CLANG_ANALYZER_NONNULL = YES;
				CLANG_ANALYZER_NUMBER_OBJECT_CONVERSION = YES_AGGRESSIVE;
				CLANG_CXX_LANGUAGE_STANDARD = "gnu++14";
				CLANG_CXX_LIBRARY = "libc++";
				CLANG_ENABLE_MODULES = YES;
				CLANG_ENABLE_OBJC_ARC = YES;
				CLANG_WARN_BLOCK_CAPTURE_AUTORELEASING = YES;
				CLANG_WARN_BOOL_CONVERSION = YES;
				CLANG_WARN_COMMA = YES;
				CLANG_WARN_CONSTANT_CONVERSION = YES;
				CLANG_WARN_DIRECT_OBJC_ISA_USAGE = YES_ERROR;
				CLANG_WARN_DOCUMENTATION_COMMENTS = YES;
				CLANG_WARN_EMPTY_BODY = YES;
				CLANG_WARN_ENUM_CONVERSION = YES;
				CLANG_WARN_INFINITE_RECURSION = YES;
				CLANG_WARN_INT_CONVERSION = YES;
				CLANG_WARN_NON_LITERAL_NULL_CONVERSION = YES;
				CLANG_WARN_OBJC_LITERAL_CONVERSION = YES;
				CLANG_WARN_OBJC_ROOT_CLASS = YES_ERROR;
				CLANG_WARN_RANGE_LOOP_ANALYSIS = YES;
				CLANG_WARN_STRICT_PROTOTYPES = YES;
				CLANG_WARN_SUSPICIOUS_MOVE = YES;
				CLANG_WARN_UNGUARDED_AVAILABILITY = YES_AGGRESSIVE;
				CLANG_WARN_UNREACHABLE_CODE = YES;
				CLANG_WARN__DUPLICATE_METHOD_MATCH = YES;
				CODE_SIGN_IDENTITY = "-";
				COPY_PHASE_STRIP = NO;
				DEBUG_INFORMATION_FORMAT = dwarf;
				ENABLE_STRICT_OBJC_MSGSEND = YES;
				ENABLE_TESTABILITY = YES;
				GCC_C_LANGUAGE_STANDARD = gnu11;
				GCC_DYNAMIC_NO_PIC = NO;
				GCC_NO_COMMON_BLOCKS = YES;
				GCC_OPTIMIZATION_LEVEL = 0;
				GCC_PREPROCESSOR_DEFINITIONS = (
					"DEBUG=1",
					"$(inherited)",
				);
				GCC_WARN_64_TO_32_BIT_CONVERSION = YES;
				GCC_WARN_ABOUT_RETURN_TYPE = YES_ERROR;
				GCC_WARN_UNDECLARED_SELECTOR = YES;
				GCC_WARN_UNINITIALIZED_AUTOS = YES_AGGRESSIVE;
				GCC_WARN_UNUSED_FUNCTION = YES;
				GCC_WARN_UNUSED_VARIABLE = YES;
				MACOSX_DEPLOYMENT_TARGET = 10.14;
				MTL_ENABLE_DEBUG_INFO = YES;
				ONLY_ACTIVE_ARCH = YES;
				SDKROOT = macosx;
			};
			name = Debug;
		};
		D3C9C50B2242159C00D4724A /* Release */ = {
			isa = XCBuildConfiguration;
			buildSettings = {
				ALWAYS_SEARCH_USER_PATHS = NO;
				CLANG_ANALYZER_NONNULL = YES;
				CLANG_ANALYZER_NUMBER_OBJECT_CONVERSION = YES_AGGRESSIVE;
				CLANG_CXX_LANGUAGE_STANDARD = "gnu++14";
				CLANG_CXX_LIBRARY = "libc++";
				CLANG_ENABLE_MODULES = YES;
				CLANG_ENABLE_OBJC_ARC = YES;
				CLANG_WARN_BLOCK_CAPTURE_AUTORELEASING = YES;
				CLANG_WARN_BOOL_CONVERSION = YES;
				CLANG_WARN_COMMA = YES;
				CLANG_WARN_CONSTANT_CONVERSION = YES;
				CLANG_WARN_DIRECT_OBJC_ISA_USAGE = YES_ERROR;
				CLANG_WARN_DOCUMENTATION_COMMENTS = YES;
				CLANG_WARN_EMPTY_BODY = YES;
				CLANG_WARN_ENUM_CONVERSION = YES;
				CLANG_WARN_INFINITE_RECURSION = YES;
				CLANG_WARN_INT_CONVERSION = YES;
				CLANG_WARN_NON_LITERAL_NULL_CONVERSION = YES;
				CLANG_WARN_OBJC_LITERAL_CONVERSION = YES;
				CLANG_WARN_OBJC_ROOT_CLASS = YES_ERROR;
				CLANG_WARN_RANGE_LOOP_ANALYSIS = YES;
				CLANG_WARN_STRICT_PROTOTYPES = YES;
				CLANG_WARN_SUSPICIOUS_MOVE = YES;
				CLANG_WARN_UNGUARDED_AVAILABILITY = YES_AGGRESSIVE;
				CLANG_WARN_UNREACHABLE_CODE = YES;
				CLANG_WARN__DUPLICATE_METHOD_MATCH = YES;
				CODE_SIGN_IDENTITY = "-";
				COPY_PHASE_STRIP = NO;
				DEBUG_INFORMATION_FORMAT = "dwarf-with-dsym";
				ENABLE_NS_ASSERTIONS = NO;
				ENABLE_STRICT_OBJC_MSGSEND = YES;
				GCC_C_LANGUAGE_STANDARD = gnu11;
				GCC_NO_COMMON_BLOCKS = YES;
				GCC_WARN_64_TO_32_BIT_CONVERSION = YES;
				GCC_WARN_ABOUT_RETURN_TYPE = YES_ERROR;
				GCC_WARN_UNDECLARED_SELECTOR = YES;
				GCC_WARN_UNINITIALIZED_AUTOS = YES_AGGRESSIVE;
				GCC_WARN_UNUSED_FUNCTION = YES;
				GCC_WARN_UNUSED_VARIABLE = YES;
				MACOSX_DEPLOYMENT_TARGET = 10.14;
				MTL_ENABLE_DEBUG_INFO = NO;
				SDKROOT = macosx;
			};
			name = Release;
		};
		D3C9C50D2242159C00D4724A /* Debug */ = {
			isa = XCBuildConfiguration;
			buildSettings = {
				CODE_SIGN_STYLE = Automatic;
				PRODUCT_NAME = "$(TARGET_NAME)";
			};
			name = Debug;
		};
		D3C9C50E2242159C00D4724A /* Release */ = {
			isa = XCBuildConfiguration;
			buildSettings = {
				CODE_SIGN_STYLE = Automatic;
				PRODUCT_NAME = "$(TARGET_NAME)";
			};
			name = Release;
		};
		D3C9C5182242178400D4724A /* Debug */ = {
			isa = XCBuildConfiguration;
			buildSettings = {
				CODE_SIGN_STYLE = Automatic;
				PRODUCT_NAME = "$(TARGET_NAME)";
			};
			name = Debug;
		};
		D3C9C5192242178400D4724A /* Release */ = {
			isa = XCBuildConfiguration;
			buildSettings = {
				CODE_SIGN_STYLE = Automatic;
				PRODUCT_NAME = "$(TARGET_NAME)";
			};
			name = Release;
		};
		D3C9C5232242180D00D4724A /* Debug */ = {
			isa = XCBuildConfiguration;
			buildSettings = {
				CODE_SIGN_STYLE = Automatic;
				PRODUCT_NAME = "$(TARGET_NAME)";
			};
			name = Debug;
		};
		D3C9C5242242180D00D4724A /* Release */ = {
			isa = XCBuildConfiguration;
			buildSettings = {
				CODE_SIGN_STYLE = Automatic;
				PRODUCT_NAME = "$(TARGET_NAME)";
			};
			name = Release;
		};
		D3C9C52E2242196000D4724A /* Debug */ = {
			isa = XCBuildConfiguration;
			buildSettings = {
				CODE_SIGN_STYLE = Automatic;
				PRODUCT_NAME = "$(TARGET_NAME)";
			};
			name = Debug;
		};
		D3C9C52F2242196000D4724A /* Release */ = {
			isa = XCBuildConfiguration;
			buildSettings = {
				CODE_SIGN_STYLE = Automatic;
				PRODUCT_NAME = "$(TARGET_NAME)";
			};
			name = Release;
		};
/* End XCBuildConfiguration section */

/* Begin XCConfigurationList section */
		D3C9C5002242159C00D4724A /* Build configuration list for PBXProject "exp3" */ = {
			isa = XCConfigurationList;
			buildConfigurations = (
				D3C9C50A2242159C00D4724A /* Debug */,
				D3C9C50B2242159C00D4724A /* Release */,
			);
			defaultConfigurationIsVisible = 0;
			defaultConfigurationName = Release;
		};
		D3C9C50C2242159C00D4724A /* Build configuration list for PBXNativeTarget "exp3" */ = {
			isa = XCConfigurationList;
			buildConfigurations = (
				D3C9C50D2242159C00D4724A /* Debug */,
				D3C9C50E2242159C00D4724A /* Release */,
			);
			defaultConfigurationIsVisible = 0;
			defaultConfigurationName = Release;
		};
		D3C9C5172242178400D4724A /* Build configuration list for PBXNativeTarget "3_13" */ = {
			isa = XCConfigurationList;
			buildConfigurations = (
				D3C9C5182242178400D4724A /* Debug */,
				D3C9C5192242178400D4724A /* Release */,
			);
			defaultConfigurationIsVisible = 0;
			defaultConfigurationName = Release;
		};
		D3C9C5222242180D00D4724A /* Build configuration list for PBXNativeTarget "3_14" */ = {
			isa = XCConfigurationList;
			buildConfigurations = (
				D3C9C5232242180D00D4724A /* Debug */,
				D3C9C5242242180D00D4724A /* Release */,
			);
			defaultConfigurationIsVisible = 0;
			defaultConfigurationName = Release;
		};
		D3C9C52D2242196000D4724A /* Build configuration list for PBXNativeTarget "3_15" */ = {
			isa = XCConfigurationList;
			buildConfigurations = (
				D3C9C52E2242196000D4724A /* Debug */,
				D3C9C52F2242196000D4724A /* Release */,
			);
			defaultConfigurationIsVisible = 0;
			defaultConfigurationName = Release;
		};
/* End XCConfigurationList section */
	};
	rootObject = D3C9C4FD2242159C00D4724A /* Project object */;
}
