// !$*UTF8*$!
{
	archiveVersion = 1;
	classes = {
	};
	objectVersion = 50;
	objects = {

/* Begin PBXBuildFile section */
		D367B9B4229E6B3D0016F896 /* AppDelegate.m in Sources */ = {isa = PBXBuildFile; fileRef = D367B9B3229E6B3D0016F896 /* AppDelegate.m */; };
		D367B9B7229E6B3D0016F896 /* ViewController.m in Sources */ = {isa = PBXBuildFile; fileRef = D367B9B6229E6B3D0016F896 /* ViewController.m */; };
		D367B9BA229E6B3D0016F896 /* Main.storyboard in Resources */ = {isa = PBXBuildFile; fileRef = D367B9B8229E6B3D0016F896 /* Main.storyboard */; };
		D367B9BC229E6B3E0016F896 /* Assets.xcassets in Resources */ = {isa = PBXBuildFile; fileRef = D367B9BB229E6B3E0016F896 /* Assets.xcassets */; };
		D367B9BF229E6B3E0016F896 /* LaunchScreen.storyboard in Resources */ = {isa = PBXBuildFile; fileRef = D367B9BD229E6B3E0016F896 /* LaunchScreen.storyboard */; };
		D367B9C2229E6B3E0016F896 /* main.m in Sources */ = {isa = PBXBuildFile; fileRef = D367B9C1229E6B3E0016F896 /* main.m */; };
		D367B9CC229E6B3E0016F896 /* _4_3Tests.m in Sources */ = {isa = PBXBuildFile; fileRef = D367B9CB229E6B3E0016F896 /* _4_3Tests.m */; };
		D367B9D7229E6B3E0016F896 /* _4_3UITests.m in Sources */ = {isa = PBXBuildFile; fileRef = D367B9D6229E6B3E0016F896 /* _4_3UITests.m */; };
		D367B9E6229E6B8E0016F896 /* MapKit.framework in Frameworks */ = {isa = PBXBuildFile; fileRef = D367B9E5229E6B8E0016F896 /* MapKit.framework */; };
/* End PBXBuildFile section */

/* Begin PBXContainerItemProxy section */
		D367B9C8229E6B3E0016F896 /* PBXContainerItemProxy */ = {
			isa = PBXContainerItemProxy;
			containerPortal = D367B9A7229E6B3D0016F896 /* Project object */;
			proxyType = 1;
			remoteGlobalIDString = D367B9AE229E6B3D0016F896;
			remoteInfo = "14-3";
		};
		D367B9D3229E6B3E0016F896 /* PBXContainerItemProxy */ = {
			isa = PBXContainerItemProxy;
			containerPortal = D367B9A7229E6B3D0016F896 /* Project object */;
			proxyType = 1;
			remoteGlobalIDString = D367B9AE229E6B3D0016F896;
			remoteInfo = "14-3";
		};
/* End PBXContainerItemProxy section */

/* Begin PBXFileReference section */
		D367B9AF229E6B3D0016F896 /* 14-3.app */ = {isa = PBXFileReference; explicitFileType = wrapper.application; includeInIndex = 0; path = "14-3.app"; sourceTree = BUILT_PRODUCTS_DIR; };
		D367B9B2229E6B3D0016F896 /* AppDelegate.h */ = {isa = PBXFileReference; lastKnownFileType = sourcecode.c.h; path = AppDelegate.h; sourceTree = "<group>"; };
		D367B9B3229E6B3D0016F896 /* AppDelegate.m */ = {isa = PBXFileReference; lastKnownFileType = sourcecode.c.objc; path = AppDelegate.m; sourceTree = "<group>"; };
		D367B9B5229E6B3D0016F896 /* ViewController.h */ = {isa = PBXFileReference; lastKnownFileType = sourcecode.c.h; path = ViewController.h; sourceTree = "<group>"; };
		D367B9B6229E6B3D0016F896 /* ViewController.m */ = {isa = PBXFileReference; lastKnownFileType = sourcecode.c.objc; path = ViewController.m; sourceTree = "<group>"; };
		D367B9B9229E6B3D0016F896 /* Base */ = {isa = PBXFileReference; lastKnownFileType = file.storyboard; name = Base; path = Base.lproj/Main.storyboard; sourceTree = "<group>"; };
		D367B9BB229E6B3E0016F896 /* Assets.xcassets */ = {isa = PBXFileReference; lastKnownFileType = folder.assetcatalog; path = Assets.xcassets; sourceTree = "<group>"; };
		D367B9BE229E6B3E0016F896 /* Base */ = {isa = PBXFileReference; lastKnownFileType = file.storyboard; name = Base; path = Base.lproj/LaunchScreen.storyboard; sourceTree = "<group>"; };
		D367B9C0229E6B3E0016F896 /* Info.plist */ = {isa = PBXFileReference; lastKnownFileType = text.plist.xml; path = Info.plist; sourceTree = "<group>"; };
		D367B9C1229E6B3E0016F896 /* main.m */ = {isa = PBXFileReference; lastKnownFileType = sourcecode.c.objc; path = main.m; sourceTree = "<group>"; };
		D367B9C7229E6B3E0016F896 /* 14-3Tests.xctest */ = {isa = PBXFileReference; explicitFileType = wrapper.cfbundle; includeInIndex = 0; path = "14-3Tests.xctest"; sourceTree = BUILT_PRODUCTS_DIR; };
		D367B9CB229E6B3E0016F896 /* _4_3Tests.m */ = {isa = PBXFileReference; lastKnownFileType = sourcecode.c.objc; path = _4_3Tests.m; sourceTree = "<group>"; };
		D367B9CD229E6B3E0016F896 /* Info.plist */ = {isa = PBXFileReference; lastKnownFileType = text.plist.xml; path = Info.plist; sourceTree = "<group>"; };
		D367B9D2229E6B3E0016F896 /* 14-3UITests.xctest */ = {isa = PBXFileReference; explicitFileType = wrapper.cfbundle; includeInIndex = 0; path = "14-3UITests.xctest"; sourceTree = BUILT_PRODUCTS_DIR; };
		D367B9D6229E6B3E0016F896 /* _4_3UITests.m */ = {isa = PBXFileReference; lastKnownFileType = sourcecode.c.objc; path = _4_3UITests.m; sourceTree = "<group>"; };
		D367B9D8229E6B3E0016F896 /* Info.plist */ = {isa = PBXFileReference; lastKnownFileType = text.plist.xml; path = Info.plist; sourceTree = "<group>"; };
		D367B9E5229E6B8E0016F896 /* MapKit.framework */ = {isa = PBXFileReference; lastKnownFileType = wrapper.framework; name = MapKit.framework; path = System/Library/Frameworks/MapKit.framework; sourceTree = SDKROOT; };
/* End PBXFileReference section */

/* Begin PBXFrameworksBuildPhase section */
		D367B9AC229E6B3D0016F896 /* Frameworks */ = {
			isa = PBXFrameworksBuildPhase;
			buildActionMask = 2147483647;
			files = (
				D367B9E6229E6B8E0016F896 /* MapKit.framework in Frameworks */,
			);
			runOnlyForDeploymentPostprocessing = 0;
		};
		D367B9C4229E6B3E0016F896 /* Frameworks */ = {
			isa = PBXFrameworksBuildPhase;
			buildActionMask = 2147483647;
			files = (
			);
			runOnlyForDeploymentPostprocessing = 0;
		};
		D367B9CF229E6B3E0016F896 /* Frameworks */ = {
			isa = PBXFrameworksBuildPhase;
			buildActionMask = 2147483647;
			files = (
			);
			runOnlyForDeploymentPostprocessing = 0;
		};
/* End PBXFrameworksBuildPhase section */

/* Begin PBXGroup section */
		D367B9A6229E6B3D0016F896 = {
			isa = PBXGroup;
			children = (
				D367B9B1229E6B3D0016F896 /* 14-3 */,
				D367B9CA229E6B3E0016F896 /* 14-3Tests */,
				D367B9D5229E6B3E0016F896 /* 14-3UITests */,
				D367B9B0229E6B3D0016F896 /* Products */,
				D367B9E4229E6B8E0016F896 /* Frameworks */,
			);
			sourceTree = "<group>";
		};
		D367B9B0229E6B3D0016F896 /* Products */ = {
			isa = PBXGroup;
			children = (
				D367B9AF229E6B3D0016F896 /* 14-3.app */,
				D367B9C7229E6B3E0016F896 /* 14-3Tests.xctest */,
				D367B9D2229E6B3E0016F896 /* 14-3UITests.xctest */,
			);
			name = Products;
			sourceTree = "<group>";
		};
		D367B9B1229E6B3D0016F896 /* 14-3 */ = {
			isa = PBXGroup;
			children = (
				D367B9B2229E6B3D0016F896 /* AppDelegate.h */,
				D367B9B3229E6B3D0016F896 /* AppDelegate.m */,
				D367B9B5229E6B3D0016F896 /* ViewController.h */,
				D367B9B6229E6B3D0016F896 /* ViewController.m */,
				D367B9B8229E6B3D0016F896 /* Main.storyboard */,
				D367B9BB229E6B3E0016F896 /* Assets.xcassets */,
				D367B9BD229E6B3E0016F896 /* LaunchScreen.storyboard */,
				D367B9C0229E6B3E0016F896 /* Info.plist */,
				D367B9C1229E6B3E0016F896 /* main.m */,
			);
			path = "14-3";
			sourceTree = "<group>";
		};
		D367B9CA229E6B3E0016F896 /* 14-3Tests */ = {
			isa = PBXGroup;
			children = (
				D367B9CB229E6B3E0016F896 /* _4_3Tests.m */,
				D367B9CD229E6B3E0016F896 /* Info.plist */,
			);
			path = "14-3Tests";
			sourceTree = "<group>";
		};
		D367B9D5229E6B3E0016F896 /* 14-3UITests */ = {
			isa = PBXGroup;
			children = (
				D367B9D6229E6B3E0016F896 /* _4_3UITests.m */,
				D367B9D8229E6B3E0016F896 /* Info.plist */,
			);
			path = "14-3UITests";
			sourceTree = "<group>";
		};
		D367B9E4229E6B8E0016F896 /* Frameworks */ = {
			isa = PBXGroup;
			children = (
				D367B9E5229E6B8E0016F896 /* MapKit.framework */,
			);
			name = Frameworks;
			sourceTree = "<group>";
		};
/* End PBXGroup section */

/* Begin PBXNativeTarget section */
		D367B9AE229E6B3D0016F896 /* 14-3 */ = {
			isa = PBXNativeTarget;
			buildConfigurationList = D367B9DB229E6B3E0016F896 /* Build configuration list for PBXNativeTarget "14-3" */;
			buildPhases = (
				D367B9AB229E6B3D0016F896 /* Sources */,
				D367B9AC229E6B3D0016F896 /* Frameworks */,
				D367B9AD229E6B3D0016F896 /* Resources */,
			);
			buildRules = (
			);
			dependencies = (
			);
			name = "14-3";
			productName = "14-3";
			productReference = D367B9AF229E6B3D0016F896 /* 14-3.app */;
			productType = "com.apple.product-type.application";
		};
		D367B9C6229E6B3E0016F896 /* 14-3Tests */ = {
			isa = PBXNativeTarget;
			buildConfigurationList = D367B9DE229E6B3E0016F896 /* Build configuration list for PBXNativeTarget "14-3Tests" */;
			buildPhases = (
				D367B9C3229E6B3E0016F896 /* Sources */,
				D367B9C4229E6B3E0016F896 /* Frameworks */,
				D367B9C5229E6B3E0016F896 /* Resources */,
			);
			buildRules = (
			);
			dependencies = (
				D367B9C9229E6B3E0016F896 /* PBXTargetDependency */,
			);
			name = "14-3Tests";
			productName = "14-3Tests";
			productReference = D367B9C7229E6B3E0016F896 /* 14-3Tests.xctest */;
			productType = "com.apple.product-type.bundle.unit-test";
		};
		D367B9D1229E6B3E0016F896 /* 14-3UITests */ = {
			isa = PBXNativeTarget;
			buildConfigurationList = D367B9E1229E6B3E0016F896 /* Build configuration list for PBXNativeTarget "14-3UITests" */;
			buildPhases = (
				D367B9CE229E6B3E0016F896 /* Sources */,
				D367B9CF229E6B3E0016F896 /* Frameworks */,
				D367B9D0229E6B3E0016F896 /* Resources */,
			);
			buildRules = (
			);
			dependencies = (
				D367B9D4229E6B3E0016F896 /* PBXTargetDependency */,
			);
			name = "14-3UITests";
			productName = "14-3UITests";
			productReference = D367B9D2229E6B3E0016F896 /* 14-3UITests.xctest */;
			productType = "com.apple.product-type.bundle.ui-testing";
		};
/* End PBXNativeTarget section */

/* Begin PBXProject section */
		D367B9A7229E6B3D0016F896 /* Project object */ = {
			isa = PBXProject;
			attributes = {
				LastUpgradeCheck = 1020;
				ORGANIZATIONNAME = wangyang;
				TargetAttributes = {
					D367B9AE229E6B3D0016F896 = {
						CreatedOnToolsVersion = 10.2.1;
					};
					D367B9C6229E6B3E0016F896 = {
						CreatedOnToolsVersion = 10.2.1;
						TestTargetID = D367B9AE229E6B3D0016F896;
					};
					D367B9D1229E6B3E0016F896 = {
						CreatedOnToolsVersion = 10.2.1;
						TestTargetID = D367B9AE229E6B3D0016F896;
					};
				};
			};
			buildConfigurationList = D367B9AA229E6B3D0016F896 /* Build configuration list for PBXProject "14-3" */;
			compatibilityVersion = "Xcode 9.3";
			developmentRegion = en;
			hasScannedForEncodings = 0;
			knownRegions = (
				en,
				Base,
			);
			mainGroup = D367B9A6229E6B3D0016F896;
			productRefGroup = D367B9B0229E6B3D0016F896 /* Products */;
			projectDirPath = "";
			projectRoot = "";
			targets = (
				D367B9AE229E6B3D0016F896 /* 14-3 */,
				D367B9C6229E6B3E0016F896 /* 14-3Tests */,
				D367B9D1229E6B3E0016F896 /* 14-3UITests */,
			);
		};
/* End PBXProject section */

/* Begin PBXResourcesBuildPhase section */
		D367B9AD229E6B3D0016F896 /* Resources */ = {
			isa = PBXResourcesBuildPhase;
			buildActionMask = 2147483647;
			files = (
				D367B9BF229E6B3E0016F896 /* LaunchScreen.storyboard in Resources */,
				D367B9BC229E6B3E0016F896 /* Assets.xcassets in Resources */,
				D367B9BA229E6B3D0016F896 /* Main.storyboard in Resources */,
			);
			runOnlyForDeploymentPostprocessing = 0;
		};
		D367B9C5229E6B3E0016F896 /* Resources */ = {
			isa = PBXResourcesBuildPhase;
			buildActionMask = 2147483647;
			files = (
			);
			runOnlyForDeploymentPostprocessing = 0;
		};
		D367B9D0229E6B3E0016F896 /* Resources */ = {
			isa = PBXResourcesBuildPhase;
			buildActionMask = 2147483647;
			files = (
			);
			runOnlyForDeploymentPostprocessing = 0;
		};
/* End PBXResourcesBuildPhase section */

/* Begin PBXSourcesBuildPhase section */
		D367B9AB229E6B3D0016F896 /* Sources */ = {
			isa = PBXSourcesBuildPhase;
			buildActionMask = 2147483647;
			files = (
				D367B9B7229E6B3D0016F896 /* ViewController.m in Sources */,
				D367B9C2229E6B3E0016F896 /* main.m in Sources */,
				D367B9B4229E6B3D0016F896 /* AppDelegate.m in Sources */,
			);
			runOnlyForDeploymentPostprocessing = 0;
		};
		D367B9C3229E6B3E0016F896 /* Sources */ = {
			isa = PBXSourcesBuildPhase;
			buildActionMask = 2147483647;
			files = (
				D367B9CC229E6B3E0016F896 /* _4_3Tests.m in Sources */,
			);
			runOnlyForDeploymentPostprocessing = 0;
		};
		D367B9CE229E6B3E0016F896 /* Sources */ = {
			isa = PBXSourcesBuildPhase;
			buildActionMask = 2147483647;
			files = (
				D367B9D7229E6B3E0016F896 /* _4_3UITests.m in Sources */,
			);
			runOnlyForDeploymentPostprocessing = 0;
		};
/* End PBXSourcesBuildPhase section */

/* Begin PBXTargetDependency section */
		D367B9C9229E6B3E0016F896 /* PBXTargetDependency */ = {
			isa = PBXTargetDependency;
			target = D367B9AE229E6B3D0016F896 /* 14-3 */;
			targetProxy = D367B9C8229E6B3E0016F896 /* PBXContainerItemProxy */;
		};
		D367B9D4229E6B3E0016F896 /* PBXTargetDependency */ = {
			isa = PBXTargetDependency;
			target = D367B9AE229E6B3D0016F896 /* 14-3 */;
			targetProxy = D367B9D3229E6B3E0016F896 /* PBXContainerItemProxy */;
		};
/* End PBXTargetDependency section */

/* Begin PBXVariantGroup section */
		D367B9B8229E6B3D0016F896 /* Main.storyboard */ = {
			isa = PBXVariantGroup;
			children = (
				D367B9B9229E6B3D0016F896 /* Base */,
			);
			name = Main.storyboard;
			sourceTree = "<group>";
		};
		D367B9BD229E6B3E0016F896 /* LaunchScreen.storyboard */ = {
			isa = PBXVariantGroup;
			children = (
				D367B9BE229E6B3E0016F896 /* Base */,
			);
			name = LaunchScreen.storyboard;
			sourceTree = "<group>";
		};
/* End PBXVariantGroup section */

/* Begin XCBuildConfiguration section */
		D367B9D9229E6B3E0016F896 /* Debug */ = {
			isa = XCBuildConfiguration;
			buildSettings = {
				ALWAYS_SEARCH_USER_PATHS = NO;
				CLANG_ANALYZER_NONNULL = YES;
				CLANG_ANALYZER_NUMBER_OBJECT_CONVERSION = YES_AGGRESSIVE;
				CLANG_CXX_LANGUAGE_STANDARD = "gnu++14";
				CLANG_CXX_LIBRARY = "libc++";
				CLANG_ENABLE_MODULES = YES;
				CLANG_ENABLE_OBJC_ARC = YES;
				CLANG_ENABLE_OBJC_WEAK = YES;
				CLANG_WARN_BLOCK_CAPTURE_AUTORELEASING = YES;
				CLANG_WARN_BOOL_CONVERSION = YES;
				CLANG_WARN_COMMA = YES;
				CLANG_WARN_CONSTANT_CONVERSION = YES;
				CLANG_WARN_DEPRECATED_OBJC_IMPLEMENTATIONS = YES;
				CLANG_WARN_DIRECT_OBJC_ISA_USAGE = YES_ERROR;
				CLANG_WARN_DOCUMENTATION_COMMENTS = YES;
				CLANG_WARN_EMPTY_BODY = YES;
				CLANG_WARN_ENUM_CONVERSION = YES;
				CLANG_WARN_INFINITE_RECURSION = YES;
				CLANG_WARN_INT_CONVERSION = YES;
				CLANG_WARN_NON_LITERAL_NULL_CONVERSION = YES;
				CLANG_WARN_OBJC_IMPLICIT_RETAIN_SELF = YES;
				CLANG_WARN_OBJC_LITERAL_CONVERSION = YES;
				CLANG_WARN_OBJC_ROOT_CLASS = YES_ERROR;
				CLANG_WARN_RANGE_LOOP_ANALYSIS = YES;
				CLANG_WARN_STRICT_PROTOTYPES = YES;
				CLANG_WARN_SUSPICIOUS_MOVE = YES;
				CLANG_WARN_UNGUARDED_AVAILABILITY = YES_AGGRESSIVE;
				CLANG_WARN_UNREACHABLE_CODE = YES;
				CLANG_WARN__DUPLICATE_METHOD_MATCH = YES;
				CODE_SIGN_IDENTITY = "iPhone Developer";
				COPY_PHASE_STRIP = NO;
				DEBUG_INFORMATION_FORMAT = dwarf;
				ENABLE_STRICT_OBJC_MSGSEND = YES;
				ENABLE_TESTABILITY = YES;
				GCC_C_LANGUAGE_STANDARD = gnu11;
				GCC_DYNAMIC_NO_PIC = NO;
				GCC_NO_COMMON_BLOCKS = YES;
				GCC_OPTIMIZATION_LEVEL = 0;
				GCC_PREPROCESSOR_DEFINITIONS = (
					"DEBUG=1",
					"$(inherited)",
				);
				GCC_WARN_64_TO_32_BIT_CONVERSION = YES;
				GCC_WARN_ABOUT_RETURN_TYPE = YES_ERROR;
				GCC_WARN_UNDECLARED_SELECTOR = YES;
				GCC_WARN_UNINITIALIZED_AUTOS = YES_AGGRESSIVE;
				GCC_WARN_UNUSED_FUNCTION = YES;
				GCC_WARN_UNUSED_VARIABLE = YES;
				IPHONEOS_DEPLOYMENT_TARGET = 12.2;
				MTL_ENABLE_DEBUG_INFO = INCLUDE_SOURCE;
				MTL_FAST_MATH = YES;
				ONLY_ACTIVE_ARCH = YES;
				SDKROOT = iphoneos;
			};
			name = Debug;
		};
		D367B9DA229E6B3E0016F896 /* Release */ = {
			isa = XCBuildConfiguration;
			buildSettings = {
				ALWAYS_SEARCH_USER_PATHS = NO;
				CLANG_ANALYZER_NONNULL = YES;
				CLANG_ANALYZER_NUMBER_OBJECT_CONVERSION = YES_AGGRESSIVE;
				CLANG_CXX_LANGUAGE_STANDARD = "gnu++14";
				CLANG_CXX_LIBRARY = "libc++";
				CLANG_ENABLE_MODULES = YES;
				CLANG_ENABLE_OBJC_ARC = YES;
				CLANG_ENABLE_OBJC_WEAK = YES;
				CLANG_WARN_BLOCK_CAPTURE_AUTORELEASING = YES;
				CLANG_WARN_BOOL_CONVERSION = YES;
				CLANG_WARN_COMMA = YES;
				CLANG_WARN_CONSTANT_CONVERSION = YES;
				CLANG_WARN_DEPRECATED_OBJC_IMPLEMENTATIONS = YES;
				CLANG_WARN_DIRECT_OBJC_ISA_USAGE = YES_ERROR;
				CLANG_WARN_DOCUMENTATION_COMMENTS = YES;
				CLANG_WARN_EMPTY_BODY = YES;
				CLANG_WARN_ENUM_CONVERSION = YES;
				CLANG_WARN_INFINITE_RECURSION = YES;
				CLANG_WARN_INT_CONVERSION = YES;
				CLANG_WARN_NON_LITERAL_NULL_CONVERSION = YES;
				CLANG_WARN_OBJC_IMPLICIT_RETAIN_SELF = YES;
				CLANG_WARN_OBJC_LITERAL_CONVERSION = YES;
				CLANG_WARN_OBJC_ROOT_CLASS = YES_ERROR;
				CLANG_WARN_RANGE_LOOP_ANALYSIS = YES;
				CLANG_WARN_STRICT_PROTOTYPES = YES;
				CLANG_WARN_SUSPICIOUS_MOVE = YES;
				CLANG_WARN_UNGUARDED_AVAILABILITY = YES_AGGRESSIVE;
				CLANG_WARN_UNREACHABLE_CODE = YES;
				CLANG_WARN__DUPLICATE_METHOD_MATCH = YES;
				CODE_SIGN_IDENTITY = "iPhone Developer";
				COPY_PHASE_STRIP = NO;
				DEBUG_INFORMATION_FORMAT = "dwarf-with-dsym";
				ENABLE_NS_ASSERTIONS = NO;
				ENABLE_STRICT_OBJC_MSGSEND = YES;
				GCC_C_LANGUAGE_STANDARD = gnu11;
				GCC_NO_COMMON_BLOCKS = YES;
				GCC_WARN_64_TO_32_BIT_CONVERSION = YES;
				GCC_WARN_ABOUT_RETURN_TYPE = YES_ERROR;
				GCC_WARN_UNDECLARED_SELECTOR = YES;
				GCC_WARN_UNINITIALIZED_AUTOS = YES_AGGRESSIVE;
				GCC_WARN_UNUSED_FUNCTION = YES;
				GCC_WARN_UNUSED_VARIABLE = YES;
				IPHONEOS_DEPLOYMENT_TARGET = 12.2;
				MTL_ENABLE_DEBUG_INFO = NO;
				MTL_FAST_MATH = YES;
				SDKROOT = iphoneos;
				VALIDATE_PRODUCT = YES;
			};
			name = Release;
		};
		D367B9DC229E6B3E0016F896 /* Debug */ = {
			isa = XCBuildConfiguration;
			buildSettings = {
				ASSETCATALOG_COMPILER_APPICON_NAME = AppIcon;
				CODE_SIGN_STYLE = Automatic;
				INFOPLIST_FILE = "14-3/Info.plist";
				LD_RUNPATH_SEARCH_PATHS = (
					"$(inherited)",
					"@executable_path/Frameworks",
				);
				PRODUCT_BUNDLE_IDENTIFIER = "-------.-4-3";
				PRODUCT_NAME = "$(TARGET_NAME)";
				TARGETED_DEVICE_FAMILY = "1,2";
			};
			name = Debug;
		};
		D367B9DD229E6B3E0016F896 /* Release */ = {
			isa = XCBuildConfiguration;
			buildSettings = {
				ASSETCATALOG_COMPILER_APPICON_NAME = AppIcon;
				CODE_SIGN_STYLE = Automatic;
				INFOPLIST_FILE = "14-3/Info.plist";
				LD_RUNPATH_SEARCH_PATHS = (
					"$(inherited)",
					"@executable_path/Frameworks",
				);
				PRODUCT_BUNDLE_IDENTIFIER = "-------.-4-3";
				PRODUCT_NAME = "$(TARGET_NAME)";
				TARGETED_DEVICE_FAMILY = "1,2";
			};
			name = Release;
		};
		D367B9DF229E6B3E0016F896 /* Debug */ = {
			isa = XCBuildConfiguration;
			buildSettings = {
				BUNDLE_LOADER = "$(TEST_HOST)";
				CODE_SIGN_STYLE = Automatic;
				INFOPLIST_FILE = "14-3Tests/Info.plist";
				LD_RUNPATH_SEARCH_PATHS = (
					"$(inherited)",
					"@executable_path/Frameworks",
					"@loader_path/Frameworks",
				);
				PRODUCT_BUNDLE_IDENTIFIER = "-------.-4-3Tests";
				PRODUCT_NAME = "$(TARGET_NAME)";
				TARGETED_DEVICE_FAMILY = "1,2";
				TEST_HOST = "$(BUILT_PRODUCTS_DIR)/14-3.app/14-3";
			};
			name = Debug;
		};
		D367B9E0229E6B3E0016F896 /* Release */ = {
			isa = XCBuildConfiguration;
			buildSettings = {
				BUNDLE_LOADER = "$(TEST_HOST)";
				CODE_SIGN_STYLE = Automatic;
				INFOPLIST_FILE = "14-3Tests/Info.plist";
				LD_RUNPATH_SEARCH_PATHS = (
					"$(inherited)",
					"@executable_path/Frameworks",
					"@loader_path/Frameworks",
				);
				PRODUCT_BUNDLE_IDENTIFIER = "-------.-4-3Tests";
				PRODUCT_NAME = "$(TARGET_NAME)";
				TARGETED_DEVICE_FAMILY = "1,2";
				TEST_HOST = "$(BUILT_PRODUCTS_DIR)/14-3.app/14-3";
			};
			name = Release;
		};
		D367B9E2229E6B3E0016F896 /* Debug */ = {
			isa = XCBuildConfiguration;
			buildSettings = {
				CODE_SIGN_STYLE = Automatic;
				INFOPLIST_FILE = "14-3UITests/Info.plist";
				LD_RUNPATH_SEARCH_PATHS = (
					"$(inherited)",
					"@executable_path/Frameworks",
					"@loader_path/Frameworks",
				);
				PRODUCT_BUNDLE_IDENTIFIER = "-------.-4-3UITests";
				PRODUCT_NAME = "$(TARGET_NAME)";
				TARGETED_DEVICE_FAMILY = "1,2";
				TEST_TARGET_NAME = "14-3";
			};
			name = Debug;
		};
		D367B9E3229E6B3E0016F896 /* Release */ = {
			isa = XCBuildConfiguration;
			buildSettings = {
				CODE_SIGN_STYLE = Automatic;
				INFOPLIST_FILE = "14-3UITests/Info.plist";
				LD_RUNPATH_SEARCH_PATHS = (
					"$(inherited)",
					"@executable_path/Frameworks",
					"@loader_path/Frameworks",
				);
				PRODUCT_BUNDLE_IDENTIFIER = "-------.-4-3UITests";
				PRODUCT_NAME = "$(TARGET_NAME)";
				TARGETED_DEVICE_FAMILY = "1,2";
				TEST_TARGET_NAME = "14-3";
			};
			name = Release;
		};
/* End XCBuildConfiguration section */

/* Begin XCConfigurationList section */
		D367B9AA229E6B3D0016F896 /* Build configuration list for PBXProject "14-3" */ = {
			isa = XCConfigurationList;
			buildConfigurations = (
				D367B9D9229E6B3E0016F896 /* Debug */,
				D367B9DA229E6B3E0016F896 /* Release */,
			);
			defaultConfigurationIsVisible = 0;
			defaultConfigurationName = Release;
		};
		D367B9DB229E6B3E0016F896 /* Build configuration list for PBXNativeTarget "14-3" */ = {
			isa = XCConfigurationList;
			buildConfigurations = (
				D367B9DC229E6B3E0016F896 /* Debug */,
				D367B9DD229E6B3E0016F896 /* Release */,
			);
			defaultConfigurationIsVisible = 0;
			defaultConfigurationName = Release;
		};
		D367B9DE229E6B3E0016F896 /* Build configuration list for PBXNativeTarget "14-3Tests" */ = {
			isa = XCConfigurationList;
			buildConfigurations = (
				D367B9DF229E6B3E0016F896 /* Debug */,
				D367B9E0229E6B3E0016F896 /* Release */,
			);
			defaultConfigurationIsVisible = 0;
			defaultConfigurationName = Release;
		};
		D367B9E1229E6B3E0016F896 /* Build configuration list for PBXNativeTarget "14-3UITests" */ = {
			isa = XCConfigurationList;
			buildConfigurations = (
				D367B9E2229E6B3E0016F896 /* Debug */,
				D367B9E3229E6B3E0016F896 /* Release */,
			);
			defaultConfigurationIsVisible = 0;
			defaultConfigurationName = Release;
		};
/* End XCConfigurationList section */
	};
	rootObject = D367B9A7229E6B3D0016F896 /* Project object */;
}
