// !$*UTF8*$!
{
	archiveVersion = 1;
	classes = {
	};
	objectVersion = 50;
	objects = {

/* Begin PBXBuildFile section */
		D3F45C2322A5384C0043B176 /* AppDelegate.m in Sources */ = {isa = PBXBuildFile; fileRef = D3F45C2222A5384C0043B176 /* AppDelegate.m */; };
		D3F45C2622A5384C0043B176 /* ViewController.m in Sources */ = {isa = PBXBuildFile; fileRef = D3F45C2522A5384C0043B176 /* ViewController.m */; };
		D3F45C2922A5384C0043B176 /* Main.storyboard in Resources */ = {isa = PBXBuildFile; fileRef = D3F45C2722A5384C0043B176 /* Main.storyboard */; };
		D3F45C2B22A5384D0043B176 /* Assets.xcassets in Resources */ = {isa = PBXBuildFile; fileRef = D3F45C2A22A5384D0043B176 /* Assets.xcassets */; };
		D3F45C2E22A5384D0043B176 /* LaunchScreen.storyboard in Resources */ = {isa = PBXBuildFile; fileRef = D3F45C2C22A5384D0043B176 /* LaunchScreen.storyboard */; };
		D3F45C3122A5384D0043B176 /* main.m in Sources */ = {isa = PBXBuildFile; fileRef = D3F45C3022A5384D0043B176 /* main.m */; };
		D3F45C3B22A5384D0043B176 /* _4_7Tests.m in Sources */ = {isa = PBXBuildFile; fileRef = D3F45C3A22A5384D0043B176 /* _4_7Tests.m */; };
		D3F45C4622A5384D0043B176 /* _4_7UITests.m in Sources */ = {isa = PBXBuildFile; fileRef = D3F45C4522A5384D0043B176 /* _4_7UITests.m */; };
		D3F45C5522A538680043B176 /* MapKit.framework in Frameworks */ = {isa = PBXBuildFile; fileRef = D3F45C5422A538670043B176 /* MapKit.framework */; };
/* End PBXBuildFile section */

/* Begin PBXContainerItemProxy section */
		D3F45C3722A5384D0043B176 /* PBXContainerItemProxy */ = {
			isa = PBXContainerItemProxy;
			containerPortal = D3F45C1622A5384C0043B176 /* Project object */;
			proxyType = 1;
			remoteGlobalIDString = D3F45C1D22A5384C0043B176;
			remoteInfo = "14-7";
		};
		D3F45C4222A5384D0043B176 /* PBXContainerItemProxy */ = {
			isa = PBXContainerItemProxy;
			containerPortal = D3F45C1622A5384C0043B176 /* Project object */;
			proxyType = 1;
			remoteGlobalIDString = D3F45C1D22A5384C0043B176;
			remoteInfo = "14-7";
		};
/* End PBXContainerItemProxy section */

/* Begin PBXFileReference section */
		D3F45C1E22A5384C0043B176 /* 14-7.app */ = {isa = PBXFileReference; explicitFileType = wrapper.application; includeInIndex = 0; path = "14-7.app"; sourceTree = BUILT_PRODUCTS_DIR; };
		D3F45C2122A5384C0043B176 /* AppDelegate.h */ = {isa = PBXFileReference; lastKnownFileType = sourcecode.c.h; path = AppDelegate.h; sourceTree = "<group>"; };
		D3F45C2222A5384C0043B176 /* AppDelegate.m */ = {isa = PBXFileReference; lastKnownFileType = sourcecode.c.objc; path = AppDelegate.m; sourceTree = "<group>"; };
		D3F45C2422A5384C0043B176 /* ViewController.h */ = {isa = PBXFileReference; lastKnownFileType = sourcecode.c.h; path = ViewController.h; sourceTree = "<group>"; };
		D3F45C2522A5384C0043B176 /* ViewController.m */ = {isa = PBXFileReference; lastKnownFileType = sourcecode.c.objc; path = ViewController.m; sourceTree = "<group>"; };
		D3F45C2822A5384C0043B176 /* Base */ = {isa = PBXFileReference; lastKnownFileType = file.storyboard; name = Base; path = Base.lproj/Main.storyboard; sourceTree = "<group>"; };
		D3F45C2A22A5384D0043B176 /* Assets.xcassets */ = {isa = PBXFileReference; lastKnownFileType = folder.assetcatalog; path = Assets.xcassets; sourceTree = "<group>"; };
		D3F45C2D22A5384D0043B176 /* Base */ = {isa = PBXFileReference; lastKnownFileType = file.storyboard; name = Base; path = Base.lproj/LaunchScreen.storyboard; sourceTree = "<group>"; };
		D3F45C2F22A5384D0043B176 /* Info.plist */ = {isa = PBXFileReference; lastKnownFileType = text.plist.xml; path = Info.plist; sourceTree = "<group>"; };
		D3F45C3022A5384D0043B176 /* main.m */ = {isa = PBXFileReference; lastKnownFileType = sourcecode.c.objc; path = main.m; sourceTree = "<group>"; };
		D3F45C3622A5384D0043B176 /* 14-7Tests.xctest */ = {isa = PBXFileReference; explicitFileType = wrapper.cfbundle; includeInIndex = 0; path = "14-7Tests.xctest"; sourceTree = BUILT_PRODUCTS_DIR; };
		D3F45C3A22A5384D0043B176 /* _4_7Tests.m */ = {isa = PBXFileReference; lastKnownFileType = sourcecode.c.objc; path = _4_7Tests.m; sourceTree = "<group>"; };
		D3F45C3C22A5384D0043B176 /* Info.plist */ = {isa = PBXFileReference; lastKnownFileType = text.plist.xml; path = Info.plist; sourceTree = "<group>"; };
		D3F45C4122A5384D0043B176 /* 14-7UITests.xctest */ = {isa = PBXFileReference; explicitFileType = wrapper.cfbundle; includeInIndex = 0; path = "14-7UITests.xctest"; sourceTree = BUILT_PRODUCTS_DIR; };
		D3F45C4522A5384D0043B176 /* _4_7UITests.m */ = {isa = PBXFileReference; lastKnownFileType = sourcecode.c.objc; path = _4_7UITests.m; sourceTree = "<group>"; };
		D3F45C4722A5384D0043B176 /* Info.plist */ = {isa = PBXFileReference; lastKnownFileType = text.plist.xml; path = Info.plist; sourceTree = "<group>"; };
		D3F45C5422A538670043B176 /* MapKit.framework */ = {isa = PBXFileReference; lastKnownFileType = wrapper.framework; name = MapKit.framework; path = System/Library/Frameworks/MapKit.framework; sourceTree = SDKROOT; };
/* End PBXFileReference section */

/* Begin PBXFrameworksBuildPhase section */
		D3F45C1B22A5384C0043B176 /* Frameworks */ = {
			isa = PBXFrameworksBuildPhase;
			buildActionMask = 2147483647;
			files = (
				D3F45C5522A538680043B176 /* MapKit.framework in Frameworks */,
			);
			runOnlyForDeploymentPostprocessing = 0;
		};
		D3F45C3322A5384D0043B176 /* Frameworks */ = {
			isa = PBXFrameworksBuildPhase;
			buildActionMask = 2147483647;
			files = (
			);
			runOnlyForDeploymentPostprocessing = 0;
		};
		D3F45C3E22A5384D0043B176 /* Frameworks */ = {
			isa = PBXFrameworksBuildPhase;
			buildActionMask = 2147483647;
			files = (
			);
			runOnlyForDeploymentPostprocessing = 0;
		};
/* End PBXFrameworksBuildPhase section */

/* Begin PBXGroup section */
		D3F45C1522A5384C0043B176 = {
			isa = PBXGroup;
			children = (
				D3F45C2022A5384C0043B176 /* 14-7 */,
				D3F45C3922A5384D0043B176 /* 14-7Tests */,
				D3F45C4422A5384D0043B176 /* 14-7UITests */,
				D3F45C1F22A5384C0043B176 /* Products */,
				D3F45C5322A538670043B176 /* Frameworks */,
			);
			sourceTree = "<group>";
		};
		D3F45C1F22A5384C0043B176 /* Products */ = {
			isa = PBXGroup;
			children = (
				D3F45C1E22A5384C0043B176 /* 14-7.app */,
				D3F45C3622A5384D0043B176 /* 14-7Tests.xctest */,
				D3F45C4122A5384D0043B176 /* 14-7UITests.xctest */,
			);
			name = Products;
			sourceTree = "<group>";
		};
		D3F45C2022A5384C0043B176 /* 14-7 */ = {
			isa = PBXGroup;
			children = (
				D3F45C2122A5384C0043B176 /* AppDelegate.h */,
				D3F45C2222A5384C0043B176 /* AppDelegate.m */,
				D3F45C2422A5384C0043B176 /* ViewController.h */,
				D3F45C2522A5384C0043B176 /* ViewController.m */,
				D3F45C2722A5384C0043B176 /* Main.storyboard */,
				D3F45C2A22A5384D0043B176 /* Assets.xcassets */,
				D3F45C2C22A5384D0043B176 /* LaunchScreen.storyboard */,
				D3F45C2F22A5384D0043B176 /* Info.plist */,
				D3F45C3022A5384D0043B176 /* main.m */,
			);
			path = "14-7";
			sourceTree = "<group>";
		};
		D3F45C3922A5384D0043B176 /* 14-7Tests */ = {
			isa = PBXGroup;
			children = (
				D3F45C3A22A5384D0043B176 /* _4_7Tests.m */,
				D3F45C3C22A5384D0043B176 /* Info.plist */,
			);
			path = "14-7Tests";
			sourceTree = "<group>";
		};
		D3F45C4422A5384D0043B176 /* 14-7UITests */ = {
			isa = PBXGroup;
			children = (
				D3F45C4522A5384D0043B176 /* _4_7UITests.m */,
				D3F45C4722A5384D0043B176 /* Info.plist */,
			);
			path = "14-7UITests";
			sourceTree = "<group>";
		};
		D3F45C5322A538670043B176 /* Frameworks */ = {
			isa = PBXGroup;
			children = (
				D3F45C5422A538670043B176 /* MapKit.framework */,
			);
			name = Frameworks;
			sourceTree = "<group>";
		};
/* End PBXGroup section */

/* Begin PBXNativeTarget section */
		D3F45C1D22A5384C0043B176 /* 14-7 */ = {
			isa = PBXNativeTarget;
			buildConfigurationList = D3F45C4A22A5384D0043B176 /* Build configuration list for PBXNativeTarget "14-7" */;
			buildPhases = (
				D3F45C1A22A5384C0043B176 /* Sources */,
				D3F45C1B22A5384C0043B176 /* Frameworks */,
				D3F45C1C22A5384C0043B176 /* Resources */,
			);
			buildRules = (
			);
			dependencies = (
			);
			name = "14-7";
			productName = "14-7";
			productReference = D3F45C1E22A5384C0043B176 /* 14-7.app */;
			productType = "com.apple.product-type.application";
		};
		D3F45C3522A5384D0043B176 /* 14-7Tests */ = {
			isa = PBXNativeTarget;
			buildConfigurationList = D3F45C4D22A5384D0043B176 /* Build configuration list for PBXNativeTarget "14-7Tests" */;
			buildPhases = (
				D3F45C3222A5384D0043B176 /* Sources */,
				D3F45C3322A5384D0043B176 /* Frameworks */,
				D3F45C3422A5384D0043B176 /* Resources */,
			);
			buildRules = (
			);
			dependencies = (
				D3F45C3822A5384D0043B176 /* PBXTargetDependency */,
			);
			name = "14-7Tests";
			productName = "14-7Tests";
			productReference = D3F45C3622A5384D0043B176 /* 14-7Tests.xctest */;
			productType = "com.apple.product-type.bundle.unit-test";
		};
		D3F45C4022A5384D0043B176 /* 14-7UITests */ = {
			isa = PBXNativeTarget;
			buildConfigurationList = D3F45C5022A5384D0043B176 /* Build configuration list for PBXNativeTarget "14-7UITests" */;
			buildPhases = (
				D3F45C3D22A5384D0043B176 /* Sources */,
				D3F45C3E22A5384D0043B176 /* Frameworks */,
				D3F45C3F22A5384D0043B176 /* Resources */,
			);
			buildRules = (
			);
			dependencies = (
				D3F45C4322A5384D0043B176 /* PBXTargetDependency */,
			);
			name = "14-7UITests";
			productName = "14-7UITests";
			productReference = D3F45C4122A5384D0043B176 /* 14-7UITests.xctest */;
			productType = "com.apple.product-type.bundle.ui-testing";
		};
/* End PBXNativeTarget section */

/* Begin PBXProject section */
		D3F45C1622A5384C0043B176 /* Project object */ = {
			isa = PBXProject;
			attributes = {
				LastUpgradeCheck = 1020;
				ORGANIZATIONNAME = wangyang;
				TargetAttributes = {
					D3F45C1D22A5384C0043B176 = {
						CreatedOnToolsVersion = 10.2.1;
					};
					D3F45C3522A5384D0043B176 = {
						CreatedOnToolsVersion = 10.2.1;
						TestTargetID = D3F45C1D22A5384C0043B176;
					};
					D3F45C4022A5384D0043B176 = {
						CreatedOnToolsVersion = 10.2.1;
						TestTargetID = D3F45C1D22A5384C0043B176;
					};
				};
			};
			buildConfigurationList = D3F45C1922A5384C0043B176 /* Build configuration list for PBXProject "14-7" */;
			compatibilityVersion = "Xcode 9.3";
			developmentRegion = en;
			hasScannedForEncodings = 0;
			knownRegions = (
				en,
				Base,
			);
			mainGroup = D3F45C1522A5384C0043B176;
			productRefGroup = D3F45C1F22A5384C0043B176 /* Products */;
			projectDirPath = "";
			projectRoot = "";
			targets = (
				D3F45C1D22A5384C0043B176 /* 14-7 */,
				D3F45C3522A5384D0043B176 /* 14-7Tests */,
				D3F45C4022A5384D0043B176 /* 14-7UITests */,
			);
		};
/* End PBXProject section */

/* Begin PBXResourcesBuildPhase section */
		D3F45C1C22A5384C0043B176 /* Resources */ = {
			isa = PBXResourcesBuildPhase;
			buildActionMask = 2147483647;
			files = (
				D3F45C2E22A5384D0043B176 /* LaunchScreen.storyboard in Resources */,
				D3F45C2B22A5384D0043B176 /* Assets.xcassets in Resources */,
				D3F45C2922A5384C0043B176 /* Main.storyboard in Resources */,
			);
			runOnlyForDeploymentPostprocessing = 0;
		};
		D3F45C3422A5384D0043B176 /* Resources */ = {
			isa = PBXResourcesBuildPhase;
			buildActionMask = 2147483647;
			files = (
			);
			runOnlyForDeploymentPostprocessing = 0;
		};
		D3F45C3F22A5384D0043B176 /* Resources */ = {
			isa = PBXResourcesBuildPhase;
			buildActionMask = 2147483647;
			files = (
			);
			runOnlyForDeploymentPostprocessing = 0;
		};
/* End PBXResourcesBuildPhase section */

/* Begin PBXSourcesBuildPhase section */
		D3F45C1A22A5384C0043B176 /* Sources */ = {
			isa = PBXSourcesBuildPhase;
			buildActionMask = 2147483647;
			files = (
				D3F45C2622A5384C0043B176 /* ViewController.m in Sources */,
				D3F45C3122A5384D0043B176 /* main.m in Sources */,
				D3F45C2322A5384C0043B176 /* AppDelegate.m in Sources */,
			);
			runOnlyForDeploymentPostprocessing = 0;
		};
		D3F45C3222A5384D0043B176 /* Sources */ = {
			isa = PBXSourcesBuildPhase;
			buildActionMask = 2147483647;
			files = (
				D3F45C3B22A5384D0043B176 /* _4_7Tests.m in Sources */,
			);
			runOnlyForDeploymentPostprocessing = 0;
		};
		D3F45C3D22A5384D0043B176 /* Sources */ = {
			isa = PBXSourcesBuildPhase;
			buildActionMask = 2147483647;
			files = (
				D3F45C4622A5384D0043B176 /* _4_7UITests.m in Sources */,
			);
			runOnlyForDeploymentPostprocessing = 0;
		};
/* End PBXSourcesBuildPhase section */

/* Begin PBXTargetDependency section */
		D3F45C3822A5384D0043B176 /* PBXTargetDependency */ = {
			isa = PBXTargetDependency;
			target = D3F45C1D22A5384C0043B176 /* 14-7 */;
			targetProxy = D3F45C3722A5384D0043B176 /* PBXContainerItemProxy */;
		};
		D3F45C4322A5384D0043B176 /* PBXTargetDependency */ = {
			isa = PBXTargetDependency;
			target = D3F45C1D22A5384C0043B176 /* 14-7 */;
			targetProxy = D3F45C4222A5384D0043B176 /* PBXContainerItemProxy */;
		};
/* End PBXTargetDependency section */

/* Begin PBXVariantGroup section */
		D3F45C2722A5384C0043B176 /* Main.storyboard */ = {
			isa = PBXVariantGroup;
			children = (
				D3F45C2822A5384C0043B176 /* Base */,
			);
			name = Main.storyboard;
			sourceTree = "<group>";
		};
		D3F45C2C22A5384D0043B176 /* LaunchScreen.storyboard */ = {
			isa = PBXVariantGroup;
			children = (
				D3F45C2D22A5384D0043B176 /* Base */,
			);
			name = LaunchScreen.storyboard;
			sourceTree = "<group>";
		};
/* End PBXVariantGroup section */

/* Begin XCBuildConfiguration section */
		D3F45C4822A5384D0043B176 /* Debug */ = {
			isa = XCBuildConfiguration;
			buildSettings = {
				ALWAYS_SEARCH_USER_PATHS = NO;
				CLANG_ANALYZER_NONNULL = YES;
				CLANG_ANALYZER_NUMBER_OBJECT_CONVERSION = YES_AGGRESSIVE;
				CLANG_CXX_LANGUAGE_STANDARD = "gnu++14";
				CLANG_CXX_LIBRARY = "libc++";
				CLANG_ENABLE_MODULES = YES;
				CLANG_ENABLE_OBJC_ARC = YES;
				CLANG_ENABLE_OBJC_WEAK = YES;
				CLANG_WARN_BLOCK_CAPTURE_AUTORELEASING = YES;
				CLANG_WARN_BOOL_CONVERSION = YES;
				CLANG_WARN_COMMA = YES;
				CLANG_WARN_CONSTANT_CONVERSION = YES;
				CLANG_WARN_DEPRECATED_OBJC_IMPLEMENTATIONS = YES;
				CLANG_WARN_DIRECT_OBJC_ISA_USAGE = YES_ERROR;
				CLANG_WARN_DOCUMENTATION_COMMENTS = YES;
				CLANG_WARN_EMPTY_BODY = YES;
				CLANG_WARN_ENUM_CONVERSION = YES;
				CLANG_WARN_INFINITE_RECURSION = YES;
				CLANG_WARN_INT_CONVERSION = YES;
				CLANG_WARN_NON_LITERAL_NULL_CONVERSION = YES;
				CLANG_WARN_OBJC_IMPLICIT_RETAIN_SELF = YES;
				CLANG_WARN_OBJC_LITERAL_CONVERSION = YES;
				CLANG_WARN_OBJC_ROOT_CLASS = YES_ERROR;
				CLANG_WARN_RANGE_LOOP_ANALYSIS = YES;
				CLANG_WARN_STRICT_PROTOTYPES = YES;
				CLANG_WARN_SUSPICIOUS_MOVE = YES;
				CLANG_WARN_UNGUARDED_AVAILABILITY = YES_AGGRESSIVE;
				CLANG_WARN_UNREACHABLE_CODE = YES;
				CLANG_WARN__DUPLICATE_METHOD_MATCH = YES;
				CODE_SIGN_IDENTITY = "iPhone Developer";
				COPY_PHASE_STRIP = NO;
				DEBUG_INFORMATION_FORMAT = dwarf;
				ENABLE_STRICT_OBJC_MSGSEND = YES;
				ENABLE_TESTABILITY = YES;
				GCC_C_LANGUAGE_STANDARD = gnu11;
				GCC_DYNAMIC_NO_PIC = NO;
				GCC_NO_COMMON_BLOCKS = YES;
				GCC_OPTIMIZATION_LEVEL = 0;
				GCC_PREPROCESSOR_DEFINITIONS = (
					"DEBUG=1",
					"$(inherited)",
				);
				GCC_WARN_64_TO_32_BIT_CONVERSION = YES;
				GCC_WARN_ABOUT_RETURN_TYPE = YES_ERROR;
				GCC_WARN_UNDECLARED_SELECTOR = YES;
				GCC_WARN_UNINITIALIZED_AUTOS = YES_AGGRESSIVE;
				GCC_WARN_UNUSED_FUNCTION = YES;
				GCC_WARN_UNUSED_VARIABLE = YES;
				IPHONEOS_DEPLOYMENT_TARGET = 12.2;
				MTL_ENABLE_DEBUG_INFO = INCLUDE_SOURCE;
				MTL_FAST_MATH = YES;
				ONLY_ACTIVE_ARCH = YES;
				SDKROOT = iphoneos;
			};
			name = Debug;
		};
		D3F45C4922A5384D0043B176 /* Release */ = {
			isa = XCBuildConfiguration;
			buildSettings = {
				ALWAYS_SEARCH_USER_PATHS = NO;
				CLANG_ANALYZER_NONNULL = YES;
				CLANG_ANALYZER_NUMBER_OBJECT_CONVERSION = YES_AGGRESSIVE;
				CLANG_CXX_LANGUAGE_STANDARD = "gnu++14";
				CLANG_CXX_LIBRARY = "libc++";
				CLANG_ENABLE_MODULES = YES;
				CLANG_ENABLE_OBJC_ARC = YES;
				CLANG_ENABLE_OBJC_WEAK = YES;
				CLANG_WARN_BLOCK_CAPTURE_AUTORELEASING = YES;
				CLANG_WARN_BOOL_CONVERSION = YES;
				CLANG_WARN_COMMA = YES;
				CLANG_WARN_CONSTANT_CONVERSION = YES;
				CLANG_WARN_DEPRECATED_OBJC_IMPLEMENTATIONS = YES;
				CLANG_WARN_DIRECT_OBJC_ISA_USAGE = YES_ERROR;
				CLANG_WARN_DOCUMENTATION_COMMENTS = YES;
				CLANG_WARN_EMPTY_BODY = YES;
				CLANG_WARN_ENUM_CONVERSION = YES;
				CLANG_WARN_INFINITE_RECURSION = YES;
				CLANG_WARN_INT_CONVERSION = YES;
				CLANG_WARN_NON_LITERAL_NULL_CONVERSION = YES;
				CLANG_WARN_OBJC_IMPLICIT_RETAIN_SELF = YES;
				CLANG_WARN_OBJC_LITERAL_CONVERSION = YES;
				CLANG_WARN_OBJC_ROOT_CLASS = YES_ERROR;
				CLANG_WARN_RANGE_LOOP_ANALYSIS = YES;
				CLANG_WARN_STRICT_PROTOTYPES = YES;
				CLANG_WARN_SUSPICIOUS_MOVE = YES;
				CLANG_WARN_UNGUARDED_AVAILABILITY = YES_AGGRESSIVE;
				CLANG_WARN_UNREACHABLE_CODE = YES;
				CLANG_WARN__DUPLICATE_METHOD_MATCH = YES;
				CODE_SIGN_IDENTITY = "iPhone Developer";
				COPY_PHASE_STRIP = NO;
				DEBUG_INFORMATION_FORMAT = "dwarf-with-dsym";
				ENABLE_NS_ASSERTIONS = NO;
				ENABLE_STRICT_OBJC_MSGSEND = YES;
				GCC_C_LANGUAGE_STANDARD = gnu11;
				GCC_NO_COMMON_BLOCKS = YES;
				GCC_WARN_64_TO_32_BIT_CONVERSION = YES;
				GCC_WARN_ABOUT_RETURN_TYPE = YES_ERROR;
				GCC_WARN_UNDECLARED_SELECTOR = YES;
				GCC_WARN_UNINITIALIZED_AUTOS = YES_AGGRESSIVE;
				GCC_WARN_UNUSED_FUNCTION = YES;
				GCC_WARN_UNUSED_VARIABLE = YES;
				IPHONEOS_DEPLOYMENT_TARGET = 12.2;
				MTL_ENABLE_DEBUG_INFO = NO;
				MTL_FAST_MATH = YES;
				SDKROOT = iphoneos;
				VALIDATE_PRODUCT = YES;
			};
			name = Release;
		};
		D3F45C4B22A5384D0043B176 /* Debug */ = {
			isa = XCBuildConfiguration;
			buildSettings = {
				ASSETCATALOG_COMPILER_APPICON_NAME = AppIcon;
				CODE_SIGN_STYLE = Automatic;
				INFOPLIST_FILE = "14-7/Info.plist";
				LD_RUNPATH_SEARCH_PATHS = (
					"$(inherited)",
					"@executable_path/Frameworks",
				);
				PRODUCT_BUNDLE_IDENTIFIER = "-------.-4-7";
				PRODUCT_NAME = "$(TARGET_NAME)";
				TARGETED_DEVICE_FAMILY = "1,2";
			};
			name = Debug;
		};
		D3F45C4C22A5384D0043B176 /* Release */ = {
			isa = XCBuildConfiguration;
			buildSettings = {
				ASSETCATALOG_COMPILER_APPICON_NAME = AppIcon;
				CODE_SIGN_STYLE = Automatic;
				INFOPLIST_FILE = "14-7/Info.plist";
				LD_RUNPATH_SEARCH_PATHS = (
					"$(inherited)",
					"@executable_path/Frameworks",
				);
				PRODUCT_BUNDLE_IDENTIFIER = "-------.-4-7";
				PRODUCT_NAME = "$(TARGET_NAME)";
				TARGETED_DEVICE_FAMILY = "1,2";
			};
			name = Release;
		};
		D3F45C4E22A5384D0043B176 /* Debug */ = {
			isa = XCBuildConfiguration;
			buildSettings = {
				BUNDLE_LOADER = "$(TEST_HOST)";
				CODE_SIGN_STYLE = Automatic;
				INFOPLIST_FILE = "14-7Tests/Info.plist";
				LD_RUNPATH_SEARCH_PATHS = (
					"$(inherited)",
					"@executable_path/Frameworks",
					"@loader_path/Frameworks",
				);
				PRODUCT_BUNDLE_IDENTIFIER = "-------.-4-7Tests";
				PRODUCT_NAME = "$(TARGET_NAME)";
				TARGETED_DEVICE_FAMILY = "1,2";
				TEST_HOST = "$(BUILT_PRODUCTS_DIR)/14-7.app/14-7";
			};
			name = Debug;
		};
		D3F45C4F22A5384D0043B176 /* Release */ = {
			isa = XCBuildConfiguration;
			buildSettings = {
				BUNDLE_LOADER = "$(TEST_HOST)";
				CODE_SIGN_STYLE = Automatic;
				INFOPLIST_FILE = "14-7Tests/Info.plist";
				LD_RUNPATH_SEARCH_PATHS = (
					"$(inherited)",
					"@executable_path/Frameworks",
					"@loader_path/Frameworks",
				);
				PRODUCT_BUNDLE_IDENTIFIER = "-------.-4-7Tests";
				PRODUCT_NAME = "$(TARGET_NAME)";
				TARGETED_DEVICE_FAMILY = "1,2";
				TEST_HOST = "$(BUILT_PRODUCTS_DIR)/14-7.app/14-7";
			};
			name = Release;
		};
		D3F45C5122A5384D0043B176 /* Debug */ = {
			isa = XCBuildConfiguration;
			buildSettings = {
				CODE_SIGN_STYLE = Automatic;
				INFOPLIST_FILE = "14-7UITests/Info.plist";
				LD_RUNPATH_SEARCH_PATHS = (
					"$(inherited)",
					"@executable_path/Frameworks",
					"@loader_path/Frameworks",
				);
				PRODUCT_BUNDLE_IDENTIFIER = "-------.-4-7UITests";
				PRODUCT_NAME = "$(TARGET_NAME)";
				TARGETED_DEVICE_FAMILY = "1,2";
				TEST_TARGET_NAME = "14-7";
			};
			name = Debug;
		};
		D3F45C5222A5384D0043B176 /* Release */ = {
			isa = XCBuildConfiguration;
			buildSettings = {
				CODE_SIGN_STYLE = Automatic;
				INFOPLIST_FILE = "14-7UITests/Info.plist";
				LD_RUNPATH_SEARCH_PATHS = (
					"$(inherited)",
					"@executable_path/Frameworks",
					"@loader_path/Frameworks",
				);
				PRODUCT_BUNDLE_IDENTIFIER = "-------.-4-7UITests";
				PRODUCT_NAME = "$(TARGET_NAME)";
				TARGETED_DEVICE_FAMILY = "1,2";
				TEST_TARGET_NAME = "14-7";
			};
			name = Release;
		};
/* End XCBuildConfiguration section */

/* Begin XCConfigurationList section */
		D3F45C1922A5384C0043B176 /* Build configuration list for PBXProject "14-7" */ = {
			isa = XCConfigurationList;
			buildConfigurations = (
				D3F45C4822A5384D0043B176 /* Debug */,
				D3F45C4922A5384D0043B176 /* Release */,
			);
			defaultConfigurationIsVisible = 0;
			defaultConfigurationName = Release;
		};
		D3F45C4A22A5384D0043B176 /* Build configuration list for PBXNativeTarget "14-7" */ = {
			isa = XCConfigurationList;
			buildConfigurations = (
				D3F45C4B22A5384D0043B176 /* Debug */,
				D3F45C4C22A5384D0043B176 /* Release */,
			);
			defaultConfigurationIsVisible = 0;
			defaultConfigurationName = Release;
		};
		D3F45C4D22A5384D0043B176 /* Build configuration list for PBXNativeTarget "14-7Tests" */ = {
			isa = XCConfigurationList;
			buildConfigurations = (
				D3F45C4E22A5384D0043B176 /* Debug */,
				D3F45C4F22A5384D0043B176 /* Release */,
			);
			defaultConfigurationIsVisible = 0;
			defaultConfigurationName = Release;
		};
		D3F45C5022A5384D0043B176 /* Build configuration list for PBXNativeTarget "14-7UITests" */ = {
			isa = XCConfigurationList;
			buildConfigurations = (
				D3F45C5122A5384D0043B176 /* Debug */,
				D3F45C5222A5384D0043B176 /* Release */,
			);
			defaultConfigurationIsVisible = 0;
			defaultConfigurationName = Release;
		};
/* End XCConfigurationList section */
	};
	rootObject = D3F45C1622A5384C0043B176 /* Project object */;
}
